// !$*UTF8*$!
{
	archiveVersion = 1;
	classes = {
	};
	objectVersion = 56;
	objects = {

/* Begin PBXBuildFile section */
		D205F4AB2CC81B4100A38824 /* CategoriesViewModel.swift in Sources */ = {isa = PBXBuildFile; fileRef = D205F4AA2CC81B4100A38824 /* CategoriesViewModel.swift */; };
		D205F4AE2CC81CB900A38824 /* Category.swift in Sources */ = {isa = PBXBuildFile; fileRef = D205F4AD2CC81CB900A38824 /* Category.swift */; };
		D24109912CAF376000A044CA /* AppDelegate.swift in Sources */ = {isa = PBXBuildFile; fileRef = D24109902CAF376000A044CA /* AppDelegate.swift */; };
		D24109932CAF376000A044CA /* SceneDelegate.swift in Sources */ = {isa = PBXBuildFile; fileRef = D24109922CAF376000A044CA /* SceneDelegate.swift */; };
		D24109952CAF376000A044CA /* SelectCategoryViewController.swift in Sources */ = {isa = PBXBuildFile; fileRef = D24109942CAF376000A044CA /* SelectCategoryViewController.swift */; };
		D24109982CAF376000A044CA /* Base in Resources */ = {isa = PBXBuildFile; fileRef = D24109972CAF376000A044CA /* Base */; };
		D241099A2CAF376300A044CA /* Assets.xcassets in Resources */ = {isa = PBXBuildFile; fileRef = D24109992CAF376300A044CA /* Assets.xcassets */; };
		D241099D2CAF376300A044CA /* Base in Resources */ = {isa = PBXBuildFile; fileRef = D241099C2CAF376300A044CA /* Base */; };
		D24109A52CAF3D2700A044CA /* SelectCategoryView.swift in Sources */ = {isa = PBXBuildFile; fileRef = D24109A42CAF3D2700A044CA /* SelectCategoryView.swift */; };
		D2BA9BC82CDD61B100C8ACD9 /* PersistenceHelper.swift in Sources */ = {isa = PBXBuildFile; fileRef = D2BA9BC72CDD61B100C8ACD9 /* PersistenceHelper.swift */; };
		D2D2B9232CB03AD8007F04D9 /* CategoryCell.swift in Sources */ = {isa = PBXBuildFile; fileRef = D2D2B9222CB03AD8007F04D9 /* CategoryCell.swift */; };
/* End PBXBuildFile section */

/* Begin PBXFileReference section */
		D205F4AA2CC81B4100A38824 /* CategoriesViewModel.swift */ = {isa = PBXFileReference; lastKnownFileType = sourcecode.swift; path = CategoriesViewModel.swift; sourceTree = "<group>"; };
		D205F4AD2CC81CB900A38824 /* Category.swift */ = {isa = PBXFileReference; lastKnownFileType = sourcecode.swift; path = Category.swift; sourceTree = "<group>"; };
		D241098D2CAF376000A044CA /* Life after work.app */ = {isa = PBXFileReference; explicitFileType = wrapper.application; includeInIndex = 0; path = "Life after work.app"; sourceTree = BUILT_PRODUCTS_DIR; };
		D24109902CAF376000A044CA /* AppDelegate.swift */ = {isa = PBXFileReference; lastKnownFileType = sourcecode.swift; path = AppDelegate.swift; sourceTree = "<group>"; };
		D24109922CAF376000A044CA /* SceneDelegate.swift */ = {isa = PBXFileReference; lastKnownFileType = sourcecode.swift; path = SceneDelegate.swift; sourceTree = "<group>"; };
		D24109942CAF376000A044CA /* SelectCategoryViewController.swift */ = {isa = PBXFileReference; lastKnownFileType = sourcecode.swift; path = SelectCategoryViewController.swift; sourceTree = "<group>"; };
		D24109972CAF376000A044CA /* Base */ = {isa = PBXFileReference; lastKnownFileType = file.storyboard; name = Base; path = Base.lproj/Main.storyboard; sourceTree = "<group>"; };
		D24109992CAF376300A044CA /* Assets.xcassets */ = {isa = PBXFileReference; lastKnownFileType = folder.assetcatalog; path = Assets.xcassets; sourceTree = "<group>"; };
		D241099C2CAF376300A044CA /* Base */ = {isa = PBXFileReference; lastKnownFileType = file.storyboard; name = Base; path = Base.lproj/LaunchScreen.storyboard; sourceTree = "<group>"; };
		D241099E2CAF376300A044CA /* Info.plist */ = {isa = PBXFileReference; lastKnownFileType = text.plist.xml; path = Info.plist; sourceTree = "<group>"; };
		D24109A42CAF3D2700A044CA /* SelectCategoryView.swift */ = {isa = PBXFileReference; lastKnownFileType = sourcecode.swift; path = SelectCategoryView.swift; sourceTree = "<group>"; };
		D2BA9BC72CDD61B100C8ACD9 /* PersistenceHelper.swift */ = {isa = PBXFileReference; lastKnownFileType = sourcecode.swift; path = PersistenceHelper.swift; sourceTree = "<group>"; };
		D2D2B9222CB03AD8007F04D9 /* CategoryCell.swift */ = {isa = PBXFileReference; lastKnownFileType = sourcecode.swift; path = CategoryCell.swift; sourceTree = "<group>"; };
/* End PBXFileReference section */

/* Begin PBXFrameworksBuildPhase section */
		D241098A2CAF376000A044CA /* Frameworks */ = {
			isa = PBXFrameworksBuildPhase;
			buildActionMask = 2147483647;
			files = (
			);
			runOnlyForDeploymentPostprocessing = 0;
		};
/* End PBXFrameworksBuildPhase section */

/* Begin PBXGroup section */
		D205F4AC2CC81B4A00A38824 /* ViewModels */ = {
			isa = PBXGroup;
			children = (
				D205F4AA2CC81B4100A38824 /* CategoriesViewModel.swift */,
				D205F4AD2CC81CB900A38824 /* Category.swift */,
			);
			path = ViewModels;
			sourceTree = "<group>";
		};
		D24109842CAF376000A044CA = {
			isa = PBXGroup;
			children = (
				D241098F2CAF376000A044CA /* Life after work */,
				D241098E2CAF376000A044CA /* Products */,
			);
			sourceTree = "<group>";
		};
		D241098E2CAF376000A044CA /* Products */ = {
			isa = PBXGroup;
			children = (
				D241098D2CAF376000A044CA /* Life after work.app */,
			);
			name = Products;
			sourceTree = "<group>";
		};
		D241098F2CAF376000A044CA /* Life after work */ = {
			isa = PBXGroup;
			children = (
				D24109902CAF376000A044CA /* AppDelegate.swift */,
				D24109922CAF376000A044CA /* SceneDelegate.swift */,
				D2BA9BC92CDD61B700C8ACD9 /* Models */,
				D24109A72CAF3D3E00A044CA /* View Controllers */,
				D205F4AC2CC81B4A00A38824 /* ViewModels */,
				D24109A62CAF3D3500A044CA /* Views */,
				D24109962CAF376000A044CA /* Main.storyboard */,
				D24109992CAF376300A044CA /* Assets.xcassets */,
				D241099B2CAF376300A044CA /* LaunchScreen.storyboard */,
				D241099E2CAF376300A044CA /* Info.plist */,
			);
			path = "Life after work";
			sourceTree = "<group>";
		};
		D24109A62CAF3D3500A044CA /* Views */ = {
			isa = PBXGroup;
			children = (
				D24109A42CAF3D2700A044CA /* SelectCategoryView.swift */,
				D2D2B9222CB03AD8007F04D9 /* CategoryCell.swift */,
			);
			path = Views;
			sourceTree = "<group>";
		};
		D24109A72CAF3D3E00A044CA /* View Controllers */ = {
			isa = PBXGroup;
			children = (
				D24109942CAF376000A044CA /* SelectCategoryViewController.swift */,
			);
			path = "View Controllers";
			sourceTree = "<group>";
		};
		D2BA9BC92CDD61B700C8ACD9 /* Models */ = {
			isa = PBXGroup;
			children = (
				D2BA9BC72CDD61B100C8ACD9 /* PersistenceHelper.swift */,
			);
			path = Models;
			sourceTree = "<group>";
		};
/* End PBXGroup section */

/* Begin PBXNativeTarget section */
		D241098C2CAF376000A044CA /* Life after work */ = {
			isa = PBXNativeTarget;
			buildConfigurationList = D24109A12CAF376300A044CA /* Build configuration list for PBXNativeTarget "Life after work" */;
			buildPhases = (
				D24109892CAF376000A044CA /* Sources */,
				D241098A2CAF376000A044CA /* Frameworks */,
				D241098B2CAF376000A044CA /* Resources */,
			);
			buildRules = (
			);
			dependencies = (
			);
			name = "Life after work";
			productName = "Life after work";
			productReference = D241098D2CAF376000A044CA /* Life after work.app */;
			productType = "com.apple.product-type.application";
		};
/* End PBXNativeTarget section */

/* Begin PBXProject section */
		D24109852CAF376000A044CA /* Project object */ = {
			isa = PBXProject;
			attributes = {
				BuildIndependentTargetsInParallel = 1;
				LastSwiftUpdateCheck = 1540;
				LastUpgradeCheck = 1540;
				TargetAttributes = {
					D241098C2CAF376000A044CA = {
						CreatedOnToolsVersion = 15.4;
					};
				};
			};
			buildConfigurationList = D24109882CAF376000A044CA /* Build configuration list for PBXProject "Life after work" */;
			compatibilityVersion = "Xcode 14.0";
			developmentRegion = en;
			hasScannedForEncodings = 0;
			knownRegions = (
				en,
				Base,
			);
			mainGroup = D24109842CAF376000A044CA;
			productRefGroup = D241098E2CAF376000A044CA /* Products */;
			projectDirPath = "";
			projectRoot = "";
			targets = (
				D241098C2CAF376000A044CA /* Life after work */,
			);
		};
/* End PBXProject section */

/* Begin PBXResourcesBuildPhase section */
		D241098B2CAF376000A044CA /* Resources */ = {
			isa = PBXResourcesBuildPhase;
			buildActionMask = 2147483647;
			files = (
				D241099A2CAF376300A044CA /* Assets.xcassets in Resources */,
				D241099D2CAF376300A044CA /* Base in Resources */,
				D24109982CAF376000A044CA /* Base in Resources */,
			);
			runOnlyForDeploymentPostprocessing = 0;
		};
/* End PBXResourcesBuildPhase section */

/* Begin PBXSourcesBuildPhase section */
		D24109892CAF376000A044CA /* Sources */ = {
			isa = PBXSourcesBuildPhase;
			buildActionMask = 2147483647;
			files = (
				D24109A52CAF3D2700A044CA /* SelectCategoryView.swift in Sources */,
				D24109952CAF376000A044CA /* SelectCategoryViewController.swift in Sources */,
				D24109912CAF376000A044CA /* AppDelegate.swift in Sources */,
				D24109932CAF376000A044CA /* SceneDelegate.swift in Sources */,
				D205F4AB2CC81B4100A38824 /* CategoriesViewModel.swift in Sources */,
				D2D2B9232CB03AD8007F04D9 /* CategoryCell.swift in Sources */,
				D205F4AE2CC81CB900A38824 /* Category.swift in Sources */,
				D2BA9BC82CDD61B100C8ACD9 /* PersistenceHelper.swift in Sources */,
			);
			runOnlyForDeploymentPostprocessing = 0;
		};
/* End PBXSourcesBuildPhase section */

/* Begin PBXVariantGroup section */
		D24109962CAF376000A044CA /* Main.storyboard */ = {
			isa = PBXVariantGroup;
			children = (
				D24109972CAF376000A044CA /* Base */,
			);
			name = Main.storyboard;
			sourceTree = "<group>";
		};
		D241099B2CAF376300A044CA /* LaunchScreen.storyboard */ = {
			isa = PBXVariantGroup;
			children = (
				D241099C2CAF376300A044CA /* Base */,
			);
			name = LaunchScreen.storyboard;
			sourceTree = "<group>";
		};
/* End PBXVariantGroup section */

/* Begin XCBuildConfiguration section */
		D241099F2CAF376300A044CA /* Debug */ = {
			isa = XCBuildConfiguration;
			buildSettings = {
				ALWAYS_SEARCH_USER_PATHS = NO;
				ASSETCATALOG_COMPILER_GENERATE_SWIFT_ASSET_SYMBOL_EXTENSIONS = YES;
				CLANG_ANALYZER_NONNULL = YES;
				CLANG_ANALYZER_NUMBER_OBJECT_CONVERSION = YES_AGGRESSIVE;
				CLANG_CXX_LANGUAGE_STANDARD = "gnu++20";
				CLANG_ENABLE_MODULES = YES;
				CLANG_ENABLE_OBJC_ARC = YES;
				CLANG_ENABLE_OBJC_WEAK = YES;
				CLANG_WARN_BLOCK_CAPTURE_AUTORELEASING = YES;
				CLANG_WARN_BOOL_CONVERSION = YES;
				CLANG_WARN_COMMA = YES;
				CLANG_WARN_CONSTANT_CONVERSION = YES;
				CLANG_WARN_DEPRECATED_OBJC_IMPLEMENTATIONS = YES;
				CLANG_WARN_DIRECT_OBJC_ISA_USAGE = YES_ERROR;
				CLANG_WARN_DOCUMENTATION_COMMENTS = YES;
				CLANG_WARN_EMPTY_BODY = YES;
				CLANG_WARN_ENUM_CONVERSION = YES;
				CLANG_WARN_INFINITE_RECURSION = YES;
				CLANG_WARN_INT_CONVERSION = YES;
				CLANG_WARN_NON_LITERAL_NULL_CONVERSION = YES;
				CLANG_WARN_OBJC_IMPLICIT_RETAIN_SELF = YES;
				CLANG_WARN_OBJC_LITERAL_CONVERSION = YES;
				CLANG_WARN_OBJC_ROOT_CLASS = YES_ERROR;
				CLANG_WARN_QUOTED_INCLUDE_IN_FRAMEWORK_HEADER = YES;
				CLANG_WARN_RANGE_LOOP_ANALYSIS = YES;
				CLANG_WARN_STRICT_PROTOTYPES = YES;
				CLANG_WARN_SUSPICIOUS_MOVE = YES;
				CLANG_WARN_UNGUARDED_AVAILABILITY = YES_AGGRESSIVE;
				CLANG_WARN_UNREACHABLE_CODE = YES;
				CLANG_WARN__DUPLICATE_METHOD_MATCH = YES;
				COPY_PHASE_STRIP = NO;
				DEBUG_INFORMATION_FORMAT = dwarf;
				ENABLE_STRICT_OBJC_MSGSEND = YES;
				ENABLE_TESTABILITY = YES;
				ENABLE_USER_SCRIPT_SANDBOXING = YES;
				GCC_C_LANGUAGE_STANDARD = gnu17;
				GCC_DYNAMIC_NO_PIC = NO;
				GCC_NO_COMMON_BLOCKS = YES;
				GCC_OPTIMIZATION_LEVEL = 0;
				GCC_PREPROCESSOR_DEFINITIONS = (
					"DEBUG=1",
					"$(inherited)",
				);
				GCC_WARN_64_TO_32_BIT_CONVERSION = YES;
				GCC_WARN_ABOUT_RETURN_TYPE = YES_ERROR;
				GCC_WARN_UNDECLARED_SELECTOR = YES;
				GCC_WARN_UNINITIALIZED_AUTOS = YES_AGGRESSIVE;
				GCC_WARN_UNUSED_FUNCTION = YES;
				GCC_WARN_UNUSED_VARIABLE = YES;
				IPHONEOS_DEPLOYMENT_TARGET = 17.5;
				LOCALIZATION_PREFERS_STRING_CATALOGS = YES;
				MTL_ENABLE_DEBUG_INFO = INCLUDE_SOURCE;
				MTL_FAST_MATH = YES;
				ONLY_ACTIVE_ARCH = YES;
				SDKROOT = iphoneos;
				SWIFT_ACTIVE_COMPILATION_CONDITIONS = "DEBUG $(inherited)";
				SWIFT_OPTIMIZATION_LEVEL = "-Onone";
			};
			name = Debug;
		};
		D24109A02CAF376300A044CA /* Release */ = {
			isa = XCBuildConfiguration;
			buildSettings = {
				ALWAYS_SEARCH_USER_PATHS = NO;
				ASSETCATALOG_COMPILER_GENERATE_SWIFT_ASSET_SYMBOL_EXTENSIONS = YES;
				CLANG_ANALYZER_NONNULL = YES;
				CLANG_ANALYZER_NUMBER_OBJECT_CONVERSION = YES_AGGRESSIVE;
				CLANG_CXX_LANGUAGE_STANDARD = "gnu++20";
				CLANG_ENABLE_MODULES = YES;
				CLANG_ENABLE_OBJC_ARC = YES;
				CLANG_ENABLE_OBJC_WEAK = YES;
				CLANG_WARN_BLOCK_CAPTURE_AUTORELEASING = YES;
				CLANG_WARN_BOOL_CONVERSION = YES;
				CLANG_WARN_COMMA = YES;
				CLANG_WARN_CONSTANT_CONVERSION = YES;
				CLANG_WARN_DEPRECATED_OBJC_IMPLEMENTATIONS = YES;
				CLANG_WARN_DIRECT_OBJC_ISA_USAGE = YES_ERROR;
				CLANG_WARN_DOCUMENTATION_COMMENTS = YES;
				CLANG_WARN_EMPTY_BODY = YES;
				CLANG_WARN_ENUM_CONVERSION = YES;
				CLANG_WARN_INFINITE_RECURSION = YES;
				CLANG_WARN_INT_CONVERSION = YES;
				CLANG_WARN_NON_LITERAL_NULL_CONVERSION = YES;
				CLANG_WARN_OBJC_IMPLICIT_RETAIN_SELF = YES;
				CLANG_WARN_OBJC_LITERAL_CONVERSION = YES;
				CLANG_WARN_OBJC_ROOT_CLASS = YES_ERROR;
				CLANG_WARN_QUOTED_INCLUDE_IN_FRAMEWORK_HEADER = YES;
				CLANG_WARN_RANGE_LOOP_ANALYSIS = YES;
				CLANG_WARN_STRICT_PROTOTYPES = YES;
				CLANG_WARN_SUSPICIOUS_MOVE = YES;
				CLANG_WARN_UNGUARDED_AVAILABILITY = YES_AGGRESSIVE;
				CLANG_WARN_UNREACHABLE_CODE = YES;
				CLANG_WARN__DUPLICATE_METHOD_MATCH = YES;
				COPY_PHASE_STRIP = NO;
				DEBUG_INFORMATION_FORMAT = "dwarf-with-dsym";
				ENABLE_NS_ASSERTIONS = NO;
				ENABLE_STRICT_OBJC_MSGSEND = YES;
				ENABLE_USER_SCRIPT_SANDBOXING = YES;
				GCC_C_LANGUAGE_STANDARD = gnu17;
				GCC_NO_COMMON_BLOCKS = YES;
				GCC_WARN_64_TO_32_BIT_CONVERSION = YES;
				GCC_WARN_ABOUT_RETURN_TYPE = YES_ERROR;
				GCC_WARN_UNDECLARED_SELECTOR = YES;
				GCC_WARN_UNINITIALIZED_AUTOS = YES_AGGRESSIVE;
				GCC_WARN_UNUSED_FUNCTION = YES;
				GCC_WARN_UNUSED_VARIABLE = YES;
				IPHONEOS_DEPLOYMENT_TARGET = 17.5;
				LOCALIZATION_PREFERS_STRING_CATALOGS = YES;
				MTL_ENABLE_DEBUG_INFO = NO;
				MTL_FAST_MATH = YES;
				SDKROOT = iphoneos;
				SWIFT_COMPILATION_MODE = wholemodule;
				VALIDATE_PRODUCT = YES;
			};
			name = Release;
		};
		D24109A22CAF376300A044CA /* Debug */ = {
			isa = XCBuildConfiguration;
			buildSettings = {
				ASSETCATALOG_COMPILER_APPICON_NAME = AppIcon;
				ASSETCATALOG_COMPILER_GLOBAL_ACCENT_COLOR_NAME = AccentColor;
				CODE_SIGN_STYLE = Automatic;
				CURRENT_PROJECT_VERSION = 1;
				DEVELOPMENT_TEAM = J4UC96YYKT;
				GENERATE_INFOPLIST_FILE = YES;
				INFOPLIST_FILE = "Life after work/Info.plist";
				INFOPLIST_KEY_UIApplicationSupportsIndirectInputEvents = YES;
				INFOPLIST_KEY_UILaunchStoryboardName = LaunchScreen;
				INFOPLIST_KEY_UIMainStoryboardFile = Main;
				INFOPLIST_KEY_UISupportedInterfaceOrientations_iPad = "UIInterfaceOrientationPortrait UIInterfaceOrientationPortraitUpsideDown UIInterfaceOrientationLandscapeLeft UIInterfaceOrientationLandscapeRight";
				INFOPLIST_KEY_UISupportedInterfaceOrientations_iPhone = "UIInterfaceOrientationPortrait UIInterfaceOrientationLandscapeLeft UIInterfaceOrientationLandscapeRight";
				LD_RUNPATH_SEARCH_PATHS = (
					"$(inherited)",
					"@executable_path/Frameworks",
				);
				MARKETING_VERSION = 1.0;
				PRODUCT_BUNDLE_IDENTIFIER = "lj.Life-after-work";
				PRODUCT_NAME = "$(TARGET_NAME)";
				SWIFT_EMIT_LOC_STRINGS = YES;
				SWIFT_VERSION = 5.0;
				TARGETED_DEVICE_FAMILY = "1,2";
			};
			name = Debug;
		};
		D24109A32CAF376300A044CA /* Release */ = {
			isa = XCBuildConfiguration;
			buildSettings = {
				ASSETCATALOG_COMPILER_APPICON_NAME = AppIcon;
				ASSETCATALOG_COMPILER_GLOBAL_ACCENT_COLOR_NAME = AccentColor;
				CODE_SIGN_STYLE = Automatic;
				CURRENT_PROJECT_VERSION = 1;
				DEVELOPMENT_TEAM = J4UC96YYKT;
				GENERATE_INFOPLIST_FILE = YES;
				INFOPLIST_FILE = "Life after work/Info.plist";
				INFOPLIST_KEY_UIApplicationSupportsIndirectInputEvents = YES;
				INFOPLIST_KEY_UILaunchStoryboardName = LaunchScreen;
				INFOPLIST_KEY_UIMainStoryboardFile = Main;
				INFOPLIST_KEY_UISupportedInterfaceOrientations_iPad = "UIInterfaceOrientationPortrait UIInterfaceOrientationPortraitUpsideDown UIInterfaceOrientationLandscapeLeft UIInterfaceOrientationLandscapeRight";
				INFOPLIST_KEY_UISupportedInterfaceOrientations_iPhone = "UIInterfaceOrientationPortrait UIInterfaceOrientationLandscapeLeft UIInterfaceOrientationLandscapeRight";
				LD_RUNPATH_SEARCH_PATHS = (
					"$(inherited)",
					"@executable_path/Frameworks",
				);
				MARKETING_VERSION = 1.0;
				PRODUCT_BUNDLE_IDENTIFIER = "lj.Life-after-work";
				PRODUCT_NAME = "$(TARGET_NAME)";
				SWIFT_EMIT_LOC_STRINGS = YES;
				SWIFT_VERSION = 5.0;
				TARGETED_DEVICE_FAMILY = "1,2";
			};
			name = Release;
		};
/* End XCBuildConfiguration section */

/* Begin XCConfigurationList section */
		D24109882CAF376000A044CA /* Build configuration list for PBXProject "Life after work" */ = {
			isa = XCConfigurationList;
			buildConfigurations = (
				D241099F2CAF376300A044CA /* Debug */,
				D24109A02CAF376300A044CA /* Release */,
			);
			defaultConfigurationIsVisible = 0;
			defaultConfigurationName = Release;
		};
		D24109A12CAF376300A044CA /* Build configuration list for PBXNativeTarget "Life after work" */ = {
			isa = XCConfigurationList;
			buildConfigurations = (
				D24109A22CAF376300A044CA /* Debug */,
				D24109A32CAF376300A044CA /* Release */,
			);
			defaultConfigurationIsVisible = 0;
			defaultConfigurationName = Release;
		};
/* End XCConfigurationList section */
	};
	rootObject = D24109852CAF376000A044CA /* Project object */;
}
